{
  "version": "3",
  "remote": {
    "https://deno.land/std@0.157.0/_util/assert.ts": "e94f2eb37cebd7f199952e242c77654e43333c1ac4c5c700e929ea3aa5489f74",
    "https://deno.land/std@0.157.0/_util/os.ts": "8a33345f74990e627b9dfe2de9b040004b08ea5146c7c9e8fe9a29070d193934",
    "https://deno.land/std@0.157.0/encoding/hex.ts": "4cc5324417cbb4ac9b828453d35aed45b9cc29506fad658f1f138d981ae33795",
    "https://deno.land/std@0.157.0/fmt/colors.ts": "ff7dc9c9f33a72bd48bc24b21bbc1b4545d8494a431f17894dbc5fe92a938fc4",
    "https://deno.land/std@0.157.0/fs/_util.ts": "fdc156f897197f261a1c096dcf8ff9267ed0ff42bd5b31f55053a4763a4bae3b",
    "https://deno.land/std@0.157.0/fs/copy.ts": "73bdf24f4322648d9bc38ef983b818637ba368351d17aa03644209d3ce3eac31",
    "https://deno.land/std@0.157.0/fs/empty_dir.ts": "c15a0aaaf40f8c21cca902aa1e01a789ad0c2fd1b7e2eecf4957053c5dbf707f",
    "https://deno.land/std@0.157.0/fs/ensure_dir.ts": "76395fc1c989ca8d2de3aedfa8240eb8f5225cde20f926de957995b063135b80",
    "https://deno.land/std@0.157.0/fs/ensure_file.ts": "b8e32ea63aa21221d0219760ba3f741f682d7f7d68d0d24a3ec067c338568152",
    "https://deno.land/std@0.157.0/fs/ensure_link.ts": "5cc1c04f18487d7d1edf4c5469705f30b61390ffd24ad7db6df85e7209b32bb2",
    "https://deno.land/std@0.157.0/fs/ensure_symlink.ts": "5273557b8c50be69477aa9cb003b54ff2240a336db52a40851c97abce76b96ab",
    "https://deno.land/std@0.157.0/fs/eol.ts": "b92f0b88036de507e7e6fbedbe8f666835ea9dcbf5ac85917fa1fadc919f83a5",
    "https://deno.land/std@0.157.0/fs/exists.ts": "3661a679d9018338df5df7cd9fc7cd918f5e447e7304a5391f849a893ce24107",
    "https://deno.land/std@0.157.0/fs/expand_glob.ts": "333a8b9b0726b6909e5af30fb99c68e5b0e734d37af8cbc2ad1f062f26ca4d50",
    "https://deno.land/std@0.157.0/fs/mod.ts": "354a6f972ef4e00c4dd1f1339a8828ef0764c1c23d3c0010af3fcc025d8655b0",
    "https://deno.land/std@0.157.0/fs/move.ts": "6d7fa9da60dbc7a32dd7fdbc2ff812b745861213c8e92ba96dace0669b0c378c",
    "https://deno.land/std@0.157.0/fs/walk.ts": "d6c73a2a2fb5fde60150ce27cff3fff420e72e5bb84131b4919c9a41d74712ce",
    "https://deno.land/std@0.157.0/path/_constants.ts": "df1db3ffa6dd6d1252cc9617e5d72165cd2483df90e93833e13580687b6083c3",
    "https://deno.land/std@0.157.0/path/_interface.ts": "ee3b431a336b80cf445441109d089b70d87d5e248f4f90ff906820889ecf8d09",
    "https://deno.land/std@0.157.0/path/_util.ts": "d16be2a16e1204b65f9d0dfc54a9bc472cafe5f4a190b3c8471ec2016ccd1677",
    "https://deno.land/std@0.157.0/path/common.ts": "bee563630abd2d97f99d83c96c2fa0cca7cee103e8cb4e7699ec4d5db7bd2633",
    "https://deno.land/std@0.157.0/path/glob.ts": "cb5255638de1048973c3e69e420c77dc04f75755524cb3b2e160fe9277d939ee",
    "https://deno.land/std@0.157.0/path/mod.ts": "56fec03ad0ebd61b6ab39ddb9b0ddb4c4a5c9f2f4f632e09dd37ec9ebfd722ac",
    "https://deno.land/std@0.157.0/path/posix.ts": "c1f7afe274290ea0b51da07ee205653b2964bd74909a82deb07b69a6cc383aaa",
    "https://deno.land/std@0.157.0/path/separator.ts": "fe1816cb765a8068afb3e8f13ad272351c85cbc739af56dacfc7d93d710fe0f9",
    "https://deno.land/std@0.157.0/path/win32.ts": "bd7549042e37879c68ff2f8576a25950abbfca1d696d41d82c7bca0b7e6f452c",
    "https://deno.land/std@0.159.0/_util/assert.ts": "e94f2eb37cebd7f199952e242c77654e43333c1ac4c5c700e929ea3aa5489f74",
    "https://deno.land/std@0.159.0/_util/os.ts": "8a33345f74990e627b9dfe2de9b040004b08ea5146c7c9e8fe9a29070d193934",
    "https://deno.land/std@0.159.0/fs/_util.ts": "fdc156f897197f261a1c096dcf8ff9267ed0ff42bd5b31f55053a4763a4bae3b",
    "https://deno.land/std@0.159.0/fs/copy.ts": "73bdf24f4322648d9bc38ef983b818637ba368351d17aa03644209d3ce3eac31",
    "https://deno.land/std@0.159.0/fs/empty_dir.ts": "c15a0aaaf40f8c21cca902aa1e01a789ad0c2fd1b7e2eecf4957053c5dbf707f",
    "https://deno.land/std@0.159.0/fs/ensure_dir.ts": "76395fc1c989ca8d2de3aedfa8240eb8f5225cde20f926de957995b063135b80",
    "https://deno.land/std@0.159.0/fs/ensure_file.ts": "b8e32ea63aa21221d0219760ba3f741f682d7f7d68d0d24a3ec067c338568152",
    "https://deno.land/std@0.159.0/fs/ensure_link.ts": "5cc1c04f18487d7d1edf4c5469705f30b61390ffd24ad7db6df85e7209b32bb2",
    "https://deno.land/std@0.159.0/fs/ensure_symlink.ts": "5273557b8c50be69477aa9cb003b54ff2240a336db52a40851c97abce76b96ab",
    "https://deno.land/std@0.159.0/fs/eol.ts": "b92f0b88036de507e7e6fbedbe8f666835ea9dcbf5ac85917fa1fadc919f83a5",
    "https://deno.land/std@0.159.0/fs/exists.ts": "6a447912e49eb79cc640adacfbf4b0baf8e17ede6d5bed057062ce33c4fa0d68",
    "https://deno.land/std@0.159.0/fs/expand_glob.ts": "333a8b9b0726b6909e5af30fb99c68e5b0e734d37af8cbc2ad1f062f26ca4d50",
    "https://deno.land/std@0.159.0/fs/mod.ts": "354a6f972ef4e00c4dd1f1339a8828ef0764c1c23d3c0010af3fcc025d8655b0",
    "https://deno.land/std@0.159.0/fs/move.ts": "6d7fa9da60dbc7a32dd7fdbc2ff812b745861213c8e92ba96dace0669b0c378c",
    "https://deno.land/std@0.159.0/fs/walk.ts": "d6c73a2a2fb5fde60150ce27cff3fff420e72e5bb84131b4919c9a41d74712ce",
    "https://deno.land/std@0.159.0/path/_constants.ts": "df1db3ffa6dd6d1252cc9617e5d72165cd2483df90e93833e13580687b6083c3",
    "https://deno.land/std@0.159.0/path/_interface.ts": "ee3b431a336b80cf445441109d089b70d87d5e248f4f90ff906820889ecf8d09",
    "https://deno.land/std@0.159.0/path/_util.ts": "d16be2a16e1204b65f9d0dfc54a9bc472cafe5f4a190b3c8471ec2016ccd1677",
    "https://deno.land/std@0.159.0/path/common.ts": "bee563630abd2d97f99d83c96c2fa0cca7cee103e8cb4e7699ec4d5db7bd2633",
    "https://deno.land/std@0.159.0/path/glob.ts": "cb5255638de1048973c3e69e420c77dc04f75755524cb3b2e160fe9277d939ee",
    "https://deno.land/std@0.159.0/path/mod.ts": "56fec03ad0ebd61b6ab39ddb9b0ddb4c4a5c9f2f4f632e09dd37ec9ebfd722ac",
    "https://deno.land/std@0.159.0/path/posix.ts": "c1f7afe274290ea0b51da07ee205653b2964bd74909a82deb07b69a6cc383aaa",
    "https://deno.land/std@0.159.0/path/separator.ts": "fe1816cb765a8068afb3e8f13ad272351c85cbc739af56dacfc7d93d710fe0f9",
    "https://deno.land/std@0.159.0/path/win32.ts": "bd7549042e37879c68ff2f8576a25950abbfca1d696d41d82c7bca0b7e6f452c",
    "https://deno.land/std@0.97.0/_util/assert.ts": "2f868145a042a11d5ad0a3c748dcf580add8a0dbc0e876eaa0026303a5488f58",
    "https://deno.land/std@0.97.0/_util/os.ts": "e282950a0eaa96760c0cf11e7463e66babd15ec9157d4c9ed49cc0925686f6a7",
    "https://deno.land/std@0.97.0/encoding/base64.ts": "eecae390f1f1d1cae6f6c6d732ede5276bf4b9cd29b1d281678c054dc5cc009e",
    "https://deno.land/std@0.97.0/encoding/hex.ts": "f952e0727bddb3b2fd2e6889d104eacbd62e92091f540ebd6459317a61932d9b",
    "https://deno.land/std@0.97.0/fs/_util.ts": "f2ce811350236ea8c28450ed822a5f42a0892316515b1cd61321dec13569c56b",
    "https://deno.land/std@0.97.0/fs/ensure_dir.ts": "b7c103dc41a3d1dbbb522bf183c519c37065fdc234831a4a0f7d671b1ed5fea7",
    "https://deno.land/std@0.97.0/fs/exists.ts": "b0d2e31654819cc2a8d37df45d6b14686c0cc1d802e9ff09e902a63e98b85a00",
    "https://deno.land/std@0.97.0/hash/_wasm/hash.ts": "cb6ad1ab429f8ac9d6eae48f3286e08236d662e1a2e5cfd681ba1c0f17375895",
    "https://deno.land/std@0.97.0/hash/_wasm/wasm.js": "94b1b997ae6fb4e6d2156bcea8f79cfcd1e512a91252b08800a92071e5e84e1a",
    "https://deno.land/std@0.97.0/hash/mod.ts": "5d032bd34186cda2f8d17fc122d621430953a6030d4b3f11172004715e3e2441",
    "https://deno.land/std@0.97.0/path/_constants.ts": "1247fee4a79b70c89f23499691ef169b41b6ccf01887a0abd131009c5581b853",
    "https://deno.land/std@0.97.0/path/_interface.ts": "1fa73b02aaa24867e481a48492b44f2598cd9dfa513c7b34001437007d3642e4",
    "https://deno.land/std@0.97.0/path/_util.ts": "2e06a3b9e79beaf62687196bd4b60a4c391d862cfa007a20fc3a39f778ba073b",
    "https://deno.land/std@0.97.0/path/common.ts": "eaf03d08b569e8a87e674e4e265e099f237472b6fd135b3cbeae5827035ea14a",
    "https://deno.land/std@0.97.0/path/glob.ts": "314ad9ff263b895795208cdd4d5e35a44618ca3c6dd155e226fb15d065008652",
    "https://deno.land/std@0.97.0/path/mod.ts": "4465dc494f271b02569edbb4a18d727063b5dbd6ed84283ff906260970a15d12",
    "https://deno.land/std@0.97.0/path/posix.ts": "f56c3c99feb47f30a40ce9d252ef6f00296fa7c0fcb6dd81211bdb3b8b99ca3b",
    "https://deno.land/std@0.97.0/path/separator.ts": "8fdcf289b1b76fd726a508f57d3370ca029ae6976fcde5044007f062e643ff1c",
    "https://deno.land/std@0.97.0/path/win32.ts": "77f7b3604e0de40f3a7c698e8a79e7f601dc187035a1c21cb1e596666ce112f8",
    "https://deno.land/x/cache@0.2.13/deps.ts": "6f14e76a1a09f329e3f3830c6e72bd10b53a89a75769d5ea886e5d8603e503e6",
    "https://deno.land/x/cache@0.2.13/directories.ts": "ef48531cab3f827252e248596d15cede0de179a2fb15392ae24cf8034519994f",
    "https://deno.land/x/dwm@0.3.3/ext/canvas.ts": "555a3aecd324439b2313b3509ac5367d13f2ca26d21169bba8a6eb333edb9643",
    "https://deno.land/x/dwm@0.3.3/mod.ts": "8a8ca602442d250eaa7cef67c14245a41aa7dc8de2fa337008e433a2ed1fe2f1",
    "https://deno.land/x/dwm@0.3.3/src/core/common.ts": "dd4cd26f45fca187c5a6192bfb7b3b4a01a23c66dddf64e19e013de7748f988d",
    "https://deno.land/x/dwm@0.3.3/src/core/event.ts": "715cce309021e9dcd45b7e3f41bddea961d4b157dcf6f29a21e910825aae90a8",
    "https://deno.land/x/dwm@0.3.3/src/core/mod.ts": "4c54848365ea17b67e65d4d58c7c94378c9bbc6ea2a59d7d11f1d701e6a5483a",
    "https://deno.land/x/dwm@0.3.3/src/core/monitor.ts": "b291ebad386095285fb7c430990be0a9f1f5f81fbcb338058ce72a538a75d667",
    "https://deno.land/x/dwm@0.3.3/src/core/platform.ts": "6cab5f575198848673204673fe82d242c9c87549c16cbed9a64c838eb99dd2d4",
    "https://deno.land/x/dwm@0.3.3/src/core/window.ts": "1ccd738d6e4e28836327a76480c3c47855f617fa7ed7552a035f2d7bf0fd6c6d",
    "https://deno.land/x/dwm@0.3.3/src/platform/glfw/constants.ts": "832295fa6a4bd66aea638bd09ad2cc48b3756daff814c7c0ae2a544f228be9e5",
    "https://deno.land/x/dwm@0.3.3/src/platform/glfw/ffi.ts": "0c6a521a8374aa8c912417edfa5c263423286363f4a7c827d4d26ead8b954ee6",
    "https://deno.land/x/dwm@0.3.3/src/platform/glfw/monitor.ts": "05506c5d21c527a6ea456d24e00f88a01a9292a68f45a845499137ecb6fb80c7",
    "https://deno.land/x/dwm@0.3.3/src/platform/glfw/platform.ts": "cca2684151f34be392e74a9828f89f8c3ed46db25e59aec1f638b4ccf82535e9",
    "https://deno.land/x/dwm@0.3.3/src/platform/glfw/scancode_win.json": "711ee525f88fe92129acd7d66fd6a5665b68ce6a60f590ae24de67e1ee916b8f",
    "https://deno.land/x/dwm@0.3.3/src/platform/glfw/window.ts": "a6dd426a95cd93ba4905da151a0d06e9376becca273ee8bc8d1c9a7bd16e0d81",
    "https://deno.land/x/dwm@0.3.3/src/platform/mod.ts": "20572d937c62ec543e0ca87cf8ed32cd15505d254f97a6fae98b936e480f2157",
    "https://deno.land/x/plug@1.0.0-rc.3/deps.ts": "ea73ca429e71624fdae0fe9393fe5056b9404d058ef45688eda4150112cf85d3",
    "https://deno.land/x/plug@1.0.0-rc.3/download.ts": "81d1aef0595e018514f1d70a5c52b0267d81685e2dccb5459f8427b29f3f3736",
    "https://deno.land/x/plug@1.0.0-rc.3/mod.ts": "6db7edf982efedf8c9e1002754fbb109c22201fd8fb89ba715fe70171b5e821c",
    "https://deno.land/x/plug@1.0.0-rc.3/types.ts": "d8eb738fc6ed883e6abf77093442c2f0b71af9090f15c7613621d4039e410ee1",
    "https://deno.land/x/plug@1.0.0-rc.3/util.ts": "e53018a487292d11036efeae9da81eb82ef47f9e53d0ba83f545b0220350155a",
    "https://deno.land/x/skia_canvas@0.5.2/deno.json": "7a7741c6b50f85cc011f6c756aa7c5de8872565d07dc6397d880dba645ff9ab1",
    "https://deno.land/x/skia_canvas@0.5.2/deps.ts": "34e46a90f0477bc96e22a771c335d4fadeb80bf220f25864d52bfa763f86b68b",
    "https://deno.land/x/skia_canvas@0.5.2/mod.ts": "62b65707c46334f15f94647be6280c818d90d9976ef8ca70eb607954b9539e5e",
    "https://deno.land/x/skia_canvas@0.5.2/src/canvas.ts": "2c3cb95eb43f657b63768898cff440a8787b3434224e106a2cf59f7a328d0873",
    "https://deno.land/x/skia_canvas@0.5.2/src/context2d.ts": "164a35fc960bbb49f97864533f20b2f70b28756d89d842e2912feebd3de934e5",
    "https://deno.land/x/skia_canvas@0.5.2/src/dommatrix.ts": "1f09349bceb483deb2dffa514c8a940a7cd7d61a6a6d0269a3f9837ce5cbe7d6",
    "https://deno.land/x/skia_canvas@0.5.2/src/ffi.ts": "c694f454744ed11b4b6743cb64dfd41b82cec707035b0a0a05d69db375cf8af9",
    "https://deno.land/x/skia_canvas@0.5.2/src/filter.ts": "e4cf8a7a76eb60325e623bba09e500c51d465e9c8b44a86e6f6e469c8358644d",
    "https://deno.land/x/skia_canvas@0.5.2/src/font.ts": "26fc6b01549639a6382b64d13834c3f25ad4a52796adf4edab766b9409683e1a",
    "https://deno.land/x/skia_canvas@0.5.2/src/gradient.ts": "9da3f7f09d1e45cd4da811cb796fdd60d80743788ed15e0a08105003d10ad3bb",
    "https://deno.land/x/skia_canvas@0.5.2/src/image.ts": "2d7d77821390ccfae47f1de5a3a467e89a590b25889c81f9cd71fcc2c3a3cfd6",
    "https://deno.land/x/skia_canvas@0.5.2/src/parse_font.ts": "1f0fda5e18237d7cc594f5605b2d4dbf4f275134a3b75b738e1327c1e6aabc57",
    "https://deno.land/x/skia_canvas@0.5.2/src/path2d.ts": "fff16bf7e71d1d53867cb32535414a9002d00cbb4ab6e199eec88fcaeb2feddc",
    "https://deno.land/x/skia_canvas@0.5.2/src/pattern.ts": "bebc875a4f647703ac938ea90dc6af75af2d7d0b02601350abe47d2a5f111100",
    "https://deno.land/x/skia_canvas@0.5.2/src/pdfdocument.ts": "5d278fca658aa567b867d9604bb9ef78ebf4ddd170b0dbb8c816805ff8105b0b",
    "https://deno.land/x/skia_canvas@0.5.2/src/svgcanvas.ts": "c18ed2e8e42460b48dcf49a3bcb92ef8b52ff800fa64e309ba87dde9b45139ab",
    "https://glfw-binaries.deno.dev/3.4.0-patch2/glfw3_darwin.js": "48911f26fff723a9c5f2f38e39be42fc65ed8dea6f2ba1f1acb464d3f0aa435b",
    "https://glfw-binaries.deno.dev/3.4.0-patch2/glfw3_darwin_aarch64.js": "ae4d795d93830b8a27714ab6c20b69b67f3d4ad3544c50e344558756cf2e92f3",
    "https://glfw-binaries.deno.dev/3.4.0-patch2/glfw3_linux.js": "b064aedb175fee1a977937f07584238f313a1958f9869273e7e672c42f09932d",
    "https://glfw-binaries.deno.dev/3.4.0-patch2/glfw3_windows.js": "6ac603e03520c8c333e1475cb00f982adb1f8a99de7f4bb0b8953da66f210159"
  }
}
